{
  "requires": true,
  "lockfileVersion": 1,
  "dependencies": {
    "arc-resolver": {
      "version": "1.0.1",
      "resolved": "https://registry.npmjs.org/arc-resolver/-/arc-resolver-1.0.1.tgz",
      "integrity": "sha512-uECwlRBsXym61Mwn6jy5fuhoj4q5UIbGmew6rAPQ4pwI9mnQpWrz1Ft92ieAqp03laRIEOdjUNGR9wRB76mneA==",
      "requires": {
        "resolve": "1.3.3"
      }
    },
    "path-parse": {
      "version": "1.0.5",
      "resolved": "https://registry.npmjs.org/path-parse/-/path-parse-1.0.5.tgz",
      "integrity": "sha1-PBrfhx6pzWyUMbbqK9dKD/BVxME="
    },
    "resolve": {
      "version": "1.3.3",
      "resolved": "https://registry.npmjs.org/resolve/-/resolve-1.3.3.tgz",
      "integrity": "sha1-ZVkHw0aahoDcLeOidaj91paR8OU=",
      "requires": {
        "path-parse": "1.0.5"
      }
    }
  }
}
