{
  "name": "arc-lasso",
  "version": "1.0.0",
  "lockfileVersion": 1,
  "requires": true,
  "dependencies": {
    "arc-resolver": {
      "version": "1.0.1",
      "resolved": "https://registry.npmjs.org/arc-resolver/-/arc-resolver-1.0.1.tgz",
      "integrity": "sha512-uECwlRBsXym61Mwn6jy5fuhoj4q5UIbGmew6rAPQ4pwI9mnQpWrz1Ft92ieAqp03laRIEOdjUNGR9wRB76mneA==",
      "requires": {
        "resolve": "1.5.0"
      }
    },
    "path-parse": {
      "version": "1.0.5",
      "resolved": "https://registry.npmjs.org/path-parse/-/path-parse-1.0.5.tgz",
      "integrity": "sha1-PBrfhx6pzWyUMbbqK9dKD/BVxME="
    },
    "resolve": {
      "version": "1.5.0",
      "resolved": "https://registry.npmjs.org/resolve/-/resolve-1.5.0.tgz",
      "integrity": "sha512-hgoSGrc3pjzAPHNBg+KnFcK2HwlHTs/YrAGUr6qgTVUZmXv1UEXXl0bZNBKMA9fud6lRYFdPGz0xXxycPzmmiw==",
      "requires": {
        "path-parse": "1.0.5"
      }
    }
  }
}
